// !$*UTF8*$!
{
	archiveVersion = 1;
	classes = {
	};
	objectVersion = 51;
	objects = {

/* Begin PBXBuildFile section */
		041759BC8AEEF334559B3109 /* Pods_MsgSend.framework in Frameworks */ = {isa = PBXBuildFile; fileRef = 6E6BA1214B14B5DCA231E8E9 /* Pods_MsgSend.framework */; };
		4F92C2B123516AD600F0170D /* AppDelegate.m in Sources */ = {isa = PBXBuildFile; fileRef = 4F92C2B023516AD600F0170D /* AppDelegate.m */; };
		4F92C2B423516AD600F0170D /* SceneDelegate.m in Sources */ = {isa = PBXBuildFile; fileRef = 4F92C2B323516AD600F0170D /* SceneDelegate.m */; };
		4F92C2B723516AD600F0170D /* ViewController.m in Sources */ = {isa = PBXBuildFile; fileRef = 4F92C2B623516AD600F0170D /* ViewController.m */; };
		4F92C2BA23516AD600F0170D /* Main.storyboard in Resources */ = {isa = PBXBuildFile; fileRef = 4F92C2B823516AD600F0170D /* Main.storyboard */; };
		4F92C2BC23516AD800F0170D /* Assets.xcassets in Resources */ = {isa = PBXBuildFile; fileRef = 4F92C2BB23516AD800F0170D /* Assets.xcassets */; };
		4F92C2BF23516AD800F0170D /* LaunchScreen.storyboard in Resources */ = {isa = PBXBuildFile; fileRef = 4F92C2BD23516AD800F0170D /* LaunchScreen.storyboard */; };
		4F92C2C223516AD800F0170D /* main.m in Sources */ = {isa = PBXBuildFile; fileRef = 4F92C2C123516AD800F0170D /* main.m */; };
		4F92C2CA2351813900F0170D /* Man.m in Sources */ = {isa = PBXBuildFile; fileRef = 4F92C2C92351813900F0170D /* Man.m */; };
/* End PBXBuildFile section */

/* Begin PBXFileReference section */
		1B723791013EEE6FAB3766C9 /* Pods-MsgSend.release.xcconfig */ = {isa = PBXFileReference; includeInIndex = 1; lastKnownFileType = text.xcconfig; name = "Pods-MsgSend.release.xcconfig"; path = "Target Support Files/Pods-MsgSend/Pods-MsgSend.release.xcconfig"; sourceTree = "<group>"; };
		4120475905C6337C0C11D274 /* Pods-MsgSend.debug.xcconfig */ = {isa = PBXFileReference; includeInIndex = 1; lastKnownFileType = text.xcconfig; name = "Pods-MsgSend.debug.xcconfig"; path = "Target Support Files/Pods-MsgSend/Pods-MsgSend.debug.xcconfig"; sourceTree = "<group>"; };
		4F92C2AC23516AD600F0170D /* MsgSend.app */ = {isa = PBXFileReference; explicitFileType = wrapper.application; includeInIndex = 0; path = MsgSend.app; sourceTree = BUILT_PRODUCTS_DIR; };
		4F92C2AF23516AD600F0170D /* AppDelegate.h */ = {isa = PBXFileReference; lastKnownFileType = sourcecode.c.h; path = AppDelegate.h; sourceTree = "<group>"; };
		4F92C2B023516AD600F0170D /* AppDelegate.m */ = {isa = PBXFileReference; lastKnownFileType = sourcecode.c.objc; path = AppDelegate.m; sourceTree = "<group>"; };
		4F92C2B223516AD600F0170D /* SceneDelegate.h */ = {isa = PBXFileReference; lastKnownFileType = sourcecode.c.h; path = SceneDelegate.h; sourceTree = "<group>"; };
		4F92C2B323516AD600F0170D /* SceneDelegate.m */ = {isa = PBXFileReference; lastKnownFileType = sourcecode.c.objc; path = SceneDelegate.m; sourceTree = "<group>"; };
		4F92C2B523516AD600F0170D /* ViewController.h */ = {isa = PBXFileReference; lastKnownFileType = sourcecode.c.h; path = ViewController.h; sourceTree = "<group>"; };
		4F92C2B623516AD600F0170D /* ViewController.m */ = {isa = PBXFileReference; lastKnownFileType = sourcecode.c.objc; path = ViewController.m; sourceTree = "<group>"; };
		4F92C2B923516AD600F0170D /* Base */ = {isa = PBXFileReference; lastKnownFileType = file.storyboard; name = Base; path = Base.lproj/Main.storyboard; sourceTree = "<group>"; };
		4F92C2BB23516AD800F0170D /* Assets.xcassets */ = {isa = PBXFileReference; lastKnownFileType = folder.assetcatalog; path = Assets.xcassets; sourceTree = "<group>"; };
		4F92C2BE23516AD800F0170D /* Base */ = {isa = PBXFileReference; lastKnownFileType = file.storyboard; name = Base; path = Base.lproj/LaunchScreen.storyboard; sourceTree = "<group>"; };
		4F92C2C023516AD800F0170D /* Info.plist */ = {isa = PBXFileReference; lastKnownFileType = text.plist.xml; path = Info.plist; sourceTree = "<group>"; };
		4F92C2C123516AD800F0170D /* main.m */ = {isa = PBXFileReference; lastKnownFileType = sourcecode.c.objc; path = main.m; sourceTree = "<group>"; };
		4F92C2C82351813900F0170D /* Man.h */ = {isa = PBXFileReference; lastKnownFileType = sourcecode.c.h; path = Man.h; sourceTree = "<group>"; };
		4F92C2C92351813900F0170D /* Man.m */ = {isa = PBXFileReference; lastKnownFileType = sourcecode.c.objc; path = Man.m; sourceTree = "<group>"; };
		6E6BA1214B14B5DCA231E8E9 /* Pods_MsgSend.framework */ = {isa = PBXFileReference; explicitFileType = wrapper.framework; includeInIndex = 0; path = Pods_MsgSend.framework; sourceTree = BUILT_PRODUCTS_DIR; };
/* End PBXFileReference section */

/* Begin PBXFrameworksBuildPhase section */
		4F92C2A923516AD600F0170D /* Frameworks */ = {
			isa = PBXFrameworksBuildPhase;
			buildActionMask = 2147483647;
			files = (
				041759BC8AEEF334559B3109 /* Pods_MsgSend.framework in Frameworks */,
			);
			runOnlyForDeploymentPostprocessing = 0;
		};
/* End PBXFrameworksBuildPhase section */

/* Begin PBXGroup section */
		4F92C2A323516AD600F0170D = {
			isa = PBXGroup;
			children = (
				4F92C2AE23516AD600F0170D /* MsgSend */,
				4F92C2AD23516AD600F0170D /* Products */,
				7B8CB0E59F765299F7A00847 /* Pods */,
				C3DE6B3448F5A2E4DA08DD7B /* Frameworks */,
			);
			sourceTree = "<group>";
		};
		4F92C2AD23516AD600F0170D /* Products */ = {
			isa = PBXGroup;
			children = (
				4F92C2AC23516AD600F0170D /* MsgSend.app */,
			);
			name = Products;
			sourceTree = "<group>";
		};
		4F92C2AE23516AD600F0170D /* MsgSend */ = {
			isa = PBXGroup;
			children = (
				4F92C2AF23516AD600F0170D /* AppDelegate.h */,
				4F92C2B023516AD600F0170D /* AppDelegate.m */,
				4F92C2B223516AD600F0170D /* SceneDelegate.h */,
				4F92C2B323516AD600F0170D /* SceneDelegate.m */,
				4F92C2B523516AD600F0170D /* ViewController.h */,
				4F92C2B623516AD600F0170D /* ViewController.m */,
				4F92C2B823516AD600F0170D /* Main.storyboard */,
				4F92C2BB23516AD800F0170D /* Assets.xcassets */,
				4F92C2BD23516AD800F0170D /* LaunchScreen.storyboard */,
				4F92C2C023516AD800F0170D /* Info.plist */,
				4F92C2C123516AD800F0170D /* main.m */,
				4F92C2C82351813900F0170D /* Man.h */,
				4F92C2C92351813900F0170D /* Man.m */,
			);
			path = MsgSend;
			sourceTree = "<group>";
		};
		7B8CB0E59F765299F7A00847 /* Pods */ = {
			isa = PBXGroup;
			children = (
				4120475905C6337C0C11D274 /* Pods-MsgSend.debug.xcconfig */,
				1B723791013EEE6FAB3766C9 /* Pods-MsgSend.release.xcconfig */,
			);
			path = Pods;
			sourceTree = "<group>";
		};
		C3DE6B3448F5A2E4DA08DD7B /* Frameworks */ = {
			isa = PBXGroup;
			children = (
				6E6BA1214B14B5DCA231E8E9 /* Pods_MsgSend.framework */,
			);
			name = Frameworks;
			sourceTree = "<group>";
		};
/* End PBXGroup section */

/* Begin PBXNativeTarget section */
		4F92C2AB23516AD600F0170D /* MsgSend */ = {
			isa = PBXNativeTarget;
			buildConfigurationList = 4F92C2C523516AD800F0170D /* Build configuration list for PBXNativeTarget "MsgSend" */;
			buildPhases = (
				71115A6D08376F86E64ED0DE /* [CP] Check Pods Manifest.lock */,
				4F92C2A823516AD600F0170D /* Sources */,
				4F92C2A923516AD600F0170D /* Frameworks */,
				4F92C2AA23516AD600F0170D /* Resources */,
				B6103C0AD0F537C1B1C543CC /* [CP] Embed Pods Frameworks */,
			);
			buildRules = (
			);
			dependencies = (
			);
			name = MsgSend;
			productName = MsgSend;
			productReference = 4F92C2AC23516AD600F0170D /* MsgSend.app */;
			productType = "com.apple.product-type.application";
		};
/* End PBXNativeTarget section */

/* Begin PBXProject section */
		4F92C2A423516AD600F0170D /* Project object */ = {
			isa = PBXProject;
			attributes = {
				LastUpgradeCheck = 1110;
				ORGANIZATIONNAME = Henry;
				TargetAttributes = {
					4F92C2AB23516AD600F0170D = {
						CreatedOnToolsVersion = 11.1;
					};
				};
			};
			buildConfigurationList = 4F92C2A723516AD600F0170D /* Build configuration list for PBXProject "MsgSend" */;
			compatibilityVersion = "Xcode 9.3";
			developmentRegion = en;
			hasScannedForEncodings = 0;
			knownRegions = (
				en,
				Base,
			);
			mainGroup = 4F92C2A323516AD600F0170D;
			productRefGroup = 4F92C2AD23516AD600F0170D /* Products */;
			projectDirPath = "";
			projectRoot = "";
			targets = (
				4F92C2AB23516AD600F0170D /* MsgSend */,
			);
		};
/* End PBXProject section */

/* Begin PBXResourcesBuildPhase section */
		4F92C2AA23516AD600F0170D /* Resources */ = {
			isa = PBXResourcesBuildPhase;
			buildActionMask = 2147483647;
			files = (
				4F92C2BF23516AD800F0170D /* LaunchScreen.storyboard in Resources */,
				4F92C2BC23516AD800F0170D /* Assets.xcassets in Resources */,
				4F92C2BA23516AD600F0170D /* Main.storyboard in Resources */,
			);
			runOnlyForDeploymentPostprocessing = 0;
		};
/* End PBXResourcesBuildPhase section */

/* Begin PBXShellScriptBuildPhase section */
		71115A6D08376F86E64ED0DE /* [CP] Check Pods Manifest.lock */ = {
			isa = PBXShellScriptBuildPhase;
			buildActionMask = 2147483647;
			files = (
			);
			inputFileListPaths = (
			);
			inputPaths = (
				"${PODS_PODFILE_DIR_PATH}/Podfile.lock",
				"${PODS_ROOT}/Manifest.lock",
			);
			name = "[CP] Check Pods Manifest.lock";
			outputFileListPaths = (
			);
			outputPaths = (
				"$(DERIVED_FILE_DIR)/Pods-MsgSend-checkManifestLockResult.txt",
			);
			runOnlyForDeploymentPostprocessing = 0;
			shellPath = /bin/sh;
			shellScript = "diff \"${PODS_PODFILE_DIR_PATH}/Podfile.lock\" \"${PODS_ROOT}/Manifest.lock\" > /dev/null\nif [ $? != 0 ] ; then\n    # print error to STDERR\n    echo \"error: The sandbox is not in sync with the Podfile.lock. Run 'pod install' or update your CocoaPods installation.\" >&2\n    exit 1\nfi\n# This output is used by Xcode 'outputs' to avoid re-running this script phase.\necho \"SUCCESS\" > \"${SCRIPT_OUTPUT_FILE_0}\"\n";
			showEnvVarsInLog = 0;
		};
		B6103C0AD0F537C1B1C543CC /* [CP] Embed Pods Frameworks */ = {
			isa = PBXShellScriptBuildPhase;
			buildActionMask = 2147483647;
			files = (
			);
			inputFileListPaths = (
				"${PODS_ROOT}/Target Support Files/Pods-MsgSend/Pods-MsgSend-frameworks-${CONFIGURATION}-input-files.xcfilelist",
			);
			name = "[CP] Embed Pods Frameworks";
			outputFileListPaths = (
				"${PODS_ROOT}/Target Support Files/Pods-MsgSend/Pods-MsgSend-frameworks-${CONFIGURATION}-output-files.xcfilelist",
			);
			runOnlyForDeploymentPostprocessing = 0;
			shellPath = /bin/sh;
			shellScript = "\"${PODS_ROOT}/Target Support Files/Pods-MsgSend/Pods-MsgSend-frameworks.sh\"\n";
			showEnvVarsInLog = 0;
		};
/* End PBXShellScriptBuildPhase section */

/* Begin PBXSourcesBuildPhase section */
		4F92C2A823516AD600F0170D /* Sources */ = {
			isa = PBXSourcesBuildPhase;
			buildActionMask = 2147483647;
			files = (
				4F92C2B723516AD600F0170D /* ViewController.m in Sources */,
				4F92C2B123516AD600F0170D /* AppDelegate.m in Sources */,
				4F92C2CA2351813900F0170D /* Man.m in Sources */,
				4F92C2C223516AD800F0170D /* main.m in Sources */,
				4F92C2B423516AD600F0170D /* SceneDelegate.m in Sources */,
			);
			runOnlyForDeploymentPostprocessing = 0;
		};
/* End PBXSourcesBuildPhase section */

/* Begin PBXVariantGroup section */
		4F92C2B823516AD600F0170D /* Main.storyboard */ = {
			isa = PBXVariantGroup;
			children = (
				4F92C2B923516AD600F0170D /* Base */,
			);
			name = Main.storyboard;
			sourceTree = "<group>";
		};
		4F92C2BD23516AD800F0170D /* LaunchScreen.storyboard */ = {
			isa = PBXVariantGroup;
			children = (
				4F92C2BE23516AD800F0170D /* Base */,
			);
			name = LaunchScreen.storyboard;
			sourceTree = "<group>";
		};
/* End PBXVariantGroup section */

/* Begin XCBuildConfiguration section */
		4F92C2C323516AD800F0170D /* Debug */ = {
			isa = XCBuildConfiguration;
			buildSettings = {
				ALWAYS_SEARCH_USER_PATHS = NO;
				CLANG_ANALYZER_NONNULL = YES;
				CLANG_ANALYZER_NUMBER_OBJECT_CONVERSION = YES_AGGRESSIVE;
				CLANG_CXX_LANGUAGE_STANDARD = "gnu++14";
				CLANG_CXX_LIBRARY = "libc++";
				CLANG_ENABLE_MODULES = YES;
				CLANG_ENABLE_OBJC_ARC = YES;
				CLANG_ENABLE_OBJC_WEAK = YES;
				CLANG_WARN_BLOCK_CAPTURE_AUTORELEASING = YES;
				CLANG_WARN_BOOL_CONVERSION = YES;
				CLANG_WARN_COMMA = YES;
				CLANG_WARN_CONSTANT_CONVERSION = YES;
				CLANG_WARN_DEPRECATED_OBJC_IMPLEMENTATIONS = YES;
				CLANG_WARN_DIRECT_OBJC_ISA_USAGE = YES_ERROR;
				CLANG_WARN_DOCUMENTATION_COMMENTS = YES;
				CLANG_WARN_EMPTY_BODY = YES;
				CLANG_WARN_ENUM_CONVERSION = YES;
				CLANG_WARN_INFINITE_RECURSION = YES;
				CLANG_WARN_INT_CONVERSION = YES;
				CLANG_WARN_NON_LITERAL_NULL_CONVERSION = YES;
				CLANG_WARN_OBJC_IMPLICIT_RETAIN_SELF = YES;
				CLANG_WARN_OBJC_LITERAL_CONVERSION = YES;
				CLANG_WARN_OBJC_ROOT_CLASS = YES_ERROR;
				CLANG_WARN_RANGE_LOOP_ANALYSIS = YES;
				CLANG_WARN_STRICT_PROTOTYPES = YES;
				CLANG_WARN_SUSPICIOUS_MOVE = YES;
				CLANG_WARN_UNGUARDED_AVAILABILITY = YES_AGGRESSIVE;
				CLANG_WARN_UNREACHABLE_CODE = YES;
				CLANG_WARN__DUPLICATE_METHOD_MATCH = YES;
				COPY_PHASE_STRIP = NO;
				DEBUG_INFORMATION_FORMAT = dwarf;
				ENABLE_STRICT_OBJC_MSGSEND = YES;
				ENABLE_TESTABILITY = YES;
				GCC_C_LANGUAGE_STANDARD = gnu11;
				GCC_DYNAMIC_NO_PIC = NO;
				GCC_NO_COMMON_BLOCKS = YES;
				GCC_OPTIMIZATION_LEVEL = 0;
				GCC_PREPROCESSOR_DEFINITIONS = (
					"DEBUG=1",
					"$(inherited)",
				);
				GCC_WARN_64_TO_32_BIT_CONVERSION = YES;
				GCC_WARN_ABOUT_RETURN_TYPE = YES_ERROR;
				GCC_WARN_UNDECLARED_SELECTOR = YES;
				GCC_WARN_UNINITIALIZED_AUTOS = YES_AGGRESSIVE;
				GCC_WARN_UNUSED_FUNCTION = YES;
				GCC_WARN_UNUSED_VARIABLE = YES;
				IPHONEOS_DEPLOYMENT_TARGET = 13.1;
				MTL_ENABLE_DEBUG_INFO = INCLUDE_SOURCE;
				MTL_FAST_MATH = YES;
				ONLY_ACTIVE_ARCH = YES;
				SDKROOT = iphoneos;
			};
			name = Debug;
		};
		4F92C2C423516AD800F0170D /* Release */ = {
			isa = XCBuildConfiguration;
			buildSettings = {
				ALWAYS_SEARCH_USER_PATHS = NO;
				CLANG_ANALYZER_NONNULL = YES;
				CLANG_ANALYZER_NUMBER_OBJECT_CONVERSION = YES_AGGRESSIVE;
				CLANG_CXX_LANGUAGE_STANDARD = "gnu++14";
				CLANG_CXX_LIBRARY = "libc++";
				CLANG_ENABLE_MODULES = YES;
				CLANG_ENABLE_OBJC_ARC = YES;
				CLANG_ENABLE_OBJC_WEAK = YES;
				CLANG_WARN_BLOCK_CAPTURE_AUTORELEASING = YES;
				CLANG_WARN_BOOL_CONVERSION = YES;
				CLANG_WARN_COMMA = YES;
				CLANG_WARN_CONSTANT_CONVERSION = YES;
				CLANG_WARN_DEPRECATED_OBJC_IMPLEMENTATIONS = YES;
				CLANG_WARN_DIRECT_OBJC_ISA_USAGE = YES_ERROR;
				CLANG_WARN_DOCUMENTATION_COMMENTS = YES;
				CLANG_WARN_EMPTY_BODY = YES;
				CLANG_WARN_ENUM_CONVERSION = YES;
				CLANG_WARN_INFINITE_RECURSION = YES;
				CLANG_WARN_INT_CONVERSION = YES;
				CLANG_WARN_NON_LITERAL_NULL_CONVERSION = YES;
				CLANG_WARN_OBJC_IMPLICIT_RETAIN_SELF = YES;
				CLANG_WARN_OBJC_LITERAL_CONVERSION = YES;
				CLANG_WARN_OBJC_ROOT_CLASS = YES_ERROR;
				CLANG_WARN_RANGE_LOOP_ANALYSIS = YES;
				CLANG_WARN_STRICT_PROTOTYPES = YES;
				CLANG_WARN_SUSPICIOUS_MOVE = YES;
				CLANG_WARN_UNGUARDED_AVAILABILITY = YES_AGGRESSIVE;
				CLANG_WARN_UNREACHABLE_CODE = YES;
				CLANG_WARN__DUPLICATE_METHOD_MATCH = YES;
				COPY_PHASE_STRIP = NO;
				DEBUG_INFORMATION_FORMAT = "dwarf-with-dsym";
				ENABLE_NS_ASSERTIONS = NO;
				ENABLE_STRICT_OBJC_MSGSEND = YES;
				GCC_C_LANGUAGE_STANDARD = gnu11;
				GCC_NO_COMMON_BLOCKS = YES;
				GCC_WARN_64_TO_32_BIT_CONVERSION = YES;
				GCC_WARN_ABOUT_RETURN_TYPE = YES_ERROR;
				GCC_WARN_UNDECLARED_SELECTOR = YES;
				GCC_WARN_UNINITIALIZED_AUTOS = YES_AGGRESSIVE;
				GCC_WARN_UNUSED_FUNCTION = YES;
				GCC_WARN_UNUSED_VARIABLE = YES;
				IPHONEOS_DEPLOYMENT_TARGET = 13.1;
				MTL_ENABLE_DEBUG_INFO = NO;
				MTL_FAST_MATH = YES;
				SDKROOT = iphoneos;
				VALIDATE_PRODUCT = YES;
			};
			name = Release;
		};
		4F92C2C623516AD800F0170D /* Debug */ = {
			isa = XCBuildConfiguration;
			baseConfigurationReference = 4120475905C6337C0C11D274 /* Pods-MsgSend.debug.xcconfig */;
			buildSettings = {
				ASSETCATALOG_COMPILER_APPICON_NAME = AppIcon;
				CODE_SIGN_STYLE = Automatic;
				DEVELOPMENT_TEAM = L8MRL9B64V;
				INFOPLIST_FILE = MsgSend/Info.plist;
				LD_RUNPATH_SEARCH_PATHS = (
					"$(inherited)",
					"@executable_path/Frameworks",
				);
				PRODUCT_BUNDLE_IDENTIFIER = com.nio.www.MsgSend;
				PRODUCT_NAME = "$(TARGET_NAME)";
				TARGETED_DEVICE_FAMILY = "1,2";
			};
			name = Debug;
		};
		4F92C2C723516AD800F0170D /* Release */ = {
			isa = XCBuildConfiguration;
			baseConfigurationReference = 1B723791013EEE6FAB3766C9 /* Pods-MsgSend.release.xcconfig */;
			buildSettings = {
				ASSETCATALOG_COMPILER_APPICON_NAME = AppIcon;
				CODE_SIGN_STYLE = Automatic;
				DEVELOPMENT_TEAM = L8MRL9B64V;
				INFOPLIST_FILE = MsgSend/Info.plist;
				LD_RUNPATH_SEARCH_PATHS = (
					"$(inherited)",
					"@executable_path/Frameworks",
				);
				PRODUCT_BUNDLE_IDENTIFIER = com.nio.www.MsgSend;
				PRODUCT_NAME = "$(TARGET_NAME)";
				TARGETED_DEVICE_FAMILY = "1,2";
			};
			name = Release;
		};
/* End XCBuildConfiguration section */

/* Begin XCConfigurationList section */
		4F92C2A723516AD600F0170D /* Build configuration list for PBXProject "MsgSend" */ = {
			isa = XCConfigurationList;
			buildConfigurations = (
				4F92C2C323516AD800F0170D /* Debug */,
				4F92C2C423516AD800F0170D /* Release */,
			);
			defaultConfigurationIsVisible = 0;
			defaultConfigurationName = Release;
		};
		4F92C2C523516AD800F0170D /* Build configuration list for PBXNativeTarget "MsgSend" */ = {
			isa = XCConfigurationList;
			buildConfigurations = (
				4F92C2C623516AD800F0170D /* Debug */,
				4F92C2C723516AD800F0170D /* Release */,
			);
			defaultConfigurationIsVisible = 0;
			defaultConfigurationName = Release;
		};
/* End XCConfigurationList section */
	};
	rootObject = 4F92C2A423516AD600F0170D /* Project object */;
}
